
Microsoft Visual Studio Solution File, Format Version 12.00
Project("{FAE04EC0-301F-11D3-BF4B-00C04F79EFBC}") = "unideal.urinose", "unideal.urinose.csproj", "{897990DB-6C23-4B86-94C9-6FD82BA078BD}"
EndProject
Global
	GlobalSection(SolutionConfigurationPlatforms) = preSolution
		Debug|Any CPU = Debug|Any CPU
		Release|Any CPU = Release|Any CPU
	EndGlobalSection
	GlobalSection(ProjectConfigurationPlatforms) = postSolution
		{897990DB-6C23-4B86-94C9-6FD82BA078BD}.Debug|Any CPU.ActiveCfg = Debug|Any CPU
		{897990DB-6C23-4B86-94C9-6FD82BA078BD}.Debug|Any CPU.Build.0 = Debug|Any CPU
		{897990DB-6C23-4B86-94C9-6FD82BA078BD}.Release|Any CPU.ActiveCfg = Release|Any CPU
		{897990DB-6C23-4B86-94C9-6FD82BA078BD}.Release|Any CPU.Build.0 = Release|Any CPU
	EndGlobalSection
EndGlobal
